// !$*UTF8*$!
{
	archiveVersion = 1;
	classes = {
	};
	objectVersion = 46;
	objects = {

/* Begin PBXBuildFile section */
		7845D9691C14231F00AB620C /* main.m in Sources */ = {isa = PBXBuildFile; fileRef = 7845D9681C14231F00AB620C /* main.m */; };
		7845D96C1C14231F00AB620C /* AppDelegate.m in Sources */ = {isa = PBXBuildFile; fileRef = 7845D96B1C14231F00AB620C /* AppDelegate.m */; };
		7845D96F1C14231F00AB620C /* ViewController.m in Sources */ = {isa = PBXBuildFile; fileRef = 7845D96E1C14231F00AB620C /* ViewController.m */; };
		7845D9721C14231F00AB620C /* Main.storyboard in Resources */ = {isa = PBXBuildFile; fileRef = 7845D9701C14231F00AB620C /* Main.storyboard */; };
		7845D9741C14231F00AB620C /* Assets.xcassets in Resources */ = {isa = PBXBuildFile; fileRef = 7845D9731C14231F00AB620C /* Assets.xcassets */; };
		7845D9771C14231F00AB620C /* LaunchScreen.storyboard in Resources */ = {isa = PBXBuildFile; fileRef = 7845D9751C14231F00AB620C /* LaunchScreen.storyboard */; };
		7899B98E1C31A485007D89F4 /* BlockManagement.m in Sources */ = {isa = PBXBuildFile; fileRef = 7899B98D1C31A485007D89F4 /* BlockManagement.m */; };
/* End PBXBuildFile section */

/* Begin PBXFileReference section */
		7845D9641C14231F00AB620C /* BlockAssembly.app */ = {isa = PBXFileReference; explicitFileType = wrapper.application; includeInIndex = 0; path = BlockAssembly.app; sourceTree = BUILT_PRODUCTS_DIR; };
		7845D9681C14231F00AB620C /* main.m */ = {isa = PBXFileReference; lastKnownFileType = sourcecode.c.objc; path = main.m; sourceTree = "<group>"; };
		7845D96A1C14231F00AB620C /* AppDelegate.h */ = {isa = PBXFileReference; lastKnownFileType = sourcecode.c.h; path = AppDelegate.h; sourceTree = "<group>"; };
		7845D96B1C14231F00AB620C /* AppDelegate.m */ = {isa = PBXFileReference; lastKnownFileType = sourcecode.c.objc; path = AppDelegate.m; sourceTree = "<group>"; };
		7845D96D1C14231F00AB620C /* ViewController.h */ = {isa = PBXFileReference; lastKnownFileType = sourcecode.c.h; path = ViewController.h; sourceTree = "<group>"; };
		7845D96E1C14231F00AB620C /* ViewController.m */ = {isa = PBXFileReference; lastKnownFileType = sourcecode.c.objc; path = ViewController.m; sourceTree = "<group>"; };
		7845D9711C14231F00AB620C /* Base */ = {isa = PBXFileReference; lastKnownFileType = file.storyboard; name = Base; path = Base.lproj/Main.storyboard; sourceTree = "<group>"; };
		7845D9731C14231F00AB620C /* Assets.xcassets */ = {isa = PBXFileReference; lastKnownFileType = folder.assetcatalog; path = Assets.xcassets; sourceTree = "<group>"; };
		7845D9761C14231F00AB620C /* Base */ = {isa = PBXFileReference; lastKnownFileType = file.storyboard; name = Base; path = Base.lproj/LaunchScreen.storyboard; sourceTree = "<group>"; };
		7845D9781C14231F00AB620C /* Info.plist */ = {isa = PBXFileReference; lastKnownFileType = text.plist.xml; path = Info.plist; sourceTree = "<group>"; };
		7899B98C1C31A484007D89F4 /* BlockManagement.h */ = {isa = PBXFileReference; fileEncoding = 4; lastKnownFileType = sourcecode.c.h; path = BlockManagement.h; sourceTree = "<group>"; };
		7899B98D1C31A485007D89F4 /* BlockManagement.m */ = {isa = PBXFileReference; fileEncoding = 4; lastKnownFileType = sourcecode.c.objc; path = BlockManagement.m; sourceTree = "<group>"; };
/* End PBXFileReference section */

/* Begin PBXFrameworksBuildPhase section */
		7845D9611C14231F00AB620C /* Frameworks */ = {
			isa = PBXFrameworksBuildPhase;
			buildActionMask = 2147483647;
			files = (
			);
			runOnlyForDeploymentPostprocessing = 0;
		};
/* End PBXFrameworksBuildPhase section */

/* Begin PBXGroup section */
		7845D95B1C14231F00AB620C = {
			isa = PBXGroup;
			children = (
				7845D9661C14231F00AB620C /* BlockAssembly */,
				7845D9651C14231F00AB620C /* Products */,
			);
			sourceTree = "<group>";
		};
		7845D9651C14231F00AB620C /* Products */ = {
			isa = PBXGroup;
			children = (
				7845D9641C14231F00AB620C /* BlockAssembly.app */,
			);
			name = Products;
			sourceTree = "<group>";
		};
		7845D9661C14231F00AB620C /* BlockAssembly */ = {
			isa = PBXGroup;
			children = (
				7845D96A1C14231F00AB620C /* AppDelegate.h */,
				7845D96B1C14231F00AB620C /* AppDelegate.m */,
				7845D96D1C14231F00AB620C /* ViewController.h */,
				7845D96E1C14231F00AB620C /* ViewController.m */,
				7899B98C1C31A484007D89F4 /* BlockManagement.h */,
				7899B98D1C31A485007D89F4 /* BlockManagement.m */,
				7845D9701C14231F00AB620C /* Main.storyboard */,
				7845D9731C14231F00AB620C /* Assets.xcassets */,
				7845D9751C14231F00AB620C /* LaunchScreen.storyboard */,
				7845D9781C14231F00AB620C /* Info.plist */,
				7845D9671C14231F00AB620C /* Supporting Files */,
			);
			path = BlockAssembly;
			sourceTree = "<group>";
		};
		7845D9671C14231F00AB620C /* Supporting Files */ = {
			isa = PBXGroup;
			children = (
				7845D9681C14231F00AB620C /* main.m */,
			);
			name = "Supporting Files";
			sourceTree = "<group>";
		};
/* End PBXGroup section */

/* Begin PBXNativeTarget section */
		7845D9631C14231F00AB620C /* BlockAssembly */ = {
			isa = PBXNativeTarget;
			buildConfigurationList = 7845D97B1C14231F00AB620C /* Build configuration list for PBXNativeTarget "BlockAssembly" */;
			buildPhases = (
				7845D9601C14231F00AB620C /* Sources */,
				7845D9611C14231F00AB620C /* Frameworks */,
				7845D9621C14231F00AB620C /* Resources */,
			);
			buildRules = (
			);
			dependencies = (
			);
			name = BlockAssembly;
			productName = BlockAssembly;
			productReference = 7845D9641C14231F00AB620C /* BlockAssembly.app */;
			productType = "com.apple.product-type.application";
		};
/* End PBXNativeTarget section */

/* Begin PBXProject section */
		7845D95C1C14231F00AB620C /* Project object */ = {
			isa = PBXProject;
			attributes = {
				LastUpgradeCheck = 0710;
				ORGANIZATIONNAME = "Efim Polevoi";
				TargetAttributes = {
					7845D9631C14231F00AB620C = {
						CreatedOnToolsVersion = 7.1;
					};
				};
			};
			buildConfigurationList = 7845D95F1C14231F00AB620C /* Build configuration list for PBXProject "BlockAssembly" */;
			compatibilityVersion = "Xcode 3.2";
			developmentRegion = English;
			hasScannedForEncodings = 0;
			knownRegions = (
				en,
				Base,
			);
			mainGroup = 7845D95B1C14231F00AB620C;
			productRefGroup = 7845D9651C14231F00AB620C /* Products */;
			projectDirPath = "";
			projectRoot = "";
			targets = (
				7845D9631C14231F00AB620C /* BlockAssembly */,
			);
		};
/* End PBXProject section */

/* Begin PBXResourcesBuildPhase section */
		7845D9621C14231F00AB620C /* Resources */ = {
			isa = PBXResourcesBuildPhase;
			buildActionMask = 2147483647;
			files = (
				7845D9771C14231F00AB620C /* LaunchScreen.storyboard in Resources */,
				7845D9741C14231F00AB620C /* Assets.xcassets in Resources */,
				7845D9721C14231F00AB620C /* Main.storyboard in Resources */,
			);
			runOnlyForDeploymentPostprocessing = 0;
		};
/* End PBXResourcesBuildPhase section */

/* Begin PBXSourcesBuildPhase section */
		7845D9601C14231F00AB620C /* Sources */ = {
			isa = PBXSourcesBuildPhase;
			buildActionMask = 2147483647;
			files = (
				7899B98E1C31A485007D89F4 /* BlockManagement.m in Sources */,
				7845D96F1C14231F00AB620C /* ViewController.m in Sources */,
				7845D96C1C14231F00AB620C /* AppDelegate.m in Sources */,
				7845D9691C14231F00AB620C /* main.m in Sources */,
			);
			runOnlyForDeploymentPostprocessing = 0;
		};
/* End PBXSourcesBuildPhase section */

/* Begin PBXVariantGroup section */
		7845D9701C14231F00AB620C /* Main.storyboard */ = {
			isa = PBXVariantGroup;
			children = (
				7845D9711C14231F00AB620C /* Base */,
			);
			name = Main.storyboard;
			sourceTree = "<group>";
		};
		7845D9751C14231F00AB620C /* LaunchScreen.storyboard */ = {
			isa = PBXVariantGroup;
			children = (
				7845D9761C14231F00AB620C /* Base */,
			);
			name = LaunchScreen.storyboard;
			sourceTree = "<group>";
		};
/* End PBXVariantGroup section */

/* Begin XCBuildConfiguration section */
		7845D9791C14231F00AB620C /* Debug */ = {
			isa = XCBuildConfiguration;
			buildSettings = {
				ALWAYS_SEARCH_USER_PATHS = NO;
				CLANG_CXX_LANGUAGE_STANDARD = "gnu++0x";
				CLANG_CXX_LIBRARY = "libc++";
				CLANG_ENABLE_MODULES = YES;
				CLANG_ENABLE_OBJC_ARC = NO;
				CLANG_WARN_BOOL_CONVERSION = YES;
				CLANG_WARN_CONSTANT_CONVERSION = YES;
				CLANG_WARN_DIRECT_OBJC_ISA_USAGE = YES_ERROR;
				CLANG_WARN_EMPTY_BODY = YES;
				CLANG_WARN_ENUM_CONVERSION = YES;
				CLANG_WARN_INT_CONVERSION = YES;
				CLANG_WARN_OBJC_ROOT_CLASS = YES_ERROR;
				CLANG_WARN_UNREACHABLE_CODE = YES;
				CLANG_WARN__DUPLICATE_METHOD_MATCH = YES;
				"CODE_SIGN_IDENTITY[sdk=iphoneos*]" = "iPhone Developer";
				COPY_PHASE_STRIP = NO;
				DEBUG_INFORMATION_FORMAT = dwarf;
				ENABLE_STRICT_OBJC_MSGSEND = YES;
				ENABLE_TESTABILITY = YES;
				GCC_C_LANGUAGE_STANDARD = gnu99;
				GCC_DYNAMIC_NO_PIC = NO;
				GCC_NO_COMMON_BLOCKS = YES;
				GCC_OPTIMIZATION_LEVEL = 0;
				GCC_PREPROCESSOR_DEFINITIONS = (
					"DEBUG=1",
					"$(inherited)",
				);
				GCC_WARN_64_TO_32_BIT_CONVERSION = YES;
				GCC_WARN_ABOUT_RETURN_TYPE = YES_ERROR;
				GCC_WARN_UNDECLARED_SELECTOR = YES;
				GCC_WARN_UNINITIALIZED_AUTOS = YES_AGGRESSIVE;
				GCC_WARN_UNUSED_FUNCTION = YES;
				GCC_WARN_UNUSED_VARIABLE = YES;
				IPHONEOS_DEPLOYMENT_TARGET = 9.0;
				MTL_ENABLE_DEBUG_INFO = YES;
				ONLY_ACTIVE_ARCH = YES;
				SDKROOT = iphoneos;
			};
			name = Debug;
		};
		7845D97A1C14231F00AB620C /* Release */ = {
			isa = XCBuildConfiguration;
			buildSettings = {
				ALWAYS_SEARCH_USER_PATHS = NO;
				CLANG_CXX_LANGUAGE_STANDARD = "gnu++0x";
				CLANG_CXX_LIBRARY = "libc++";
				CLANG_ENABLE_MODULES = YES;
				CLANG_ENABLE_OBJC_ARC = NO;
				CLANG_WARN_BOOL_CONVERSION = YES;
				CLANG_WARN_CONSTANT_CONVERSION = YES;
				CLANG_WARN_DIRECT_OBJC_ISA_USAGE = YES_ERROR;
				CLANG_WARN_EMPTY_BODY = YES;
				CLANG_WARN_ENUM_CONVERSION = YES;
				CLANG_WARN_INT_CONVERSION = YES;
				CLANG_WARN_OBJC_ROOT_CLASS = YES_ERROR;
				CLANG_WARN_UNREACHABLE_CODE = YES;
				CLANG_WARN__DUPLICATE_METHOD_MATCH = YES;
				"CODE_SIGN_IDENTITY[sdk=iphoneos*]" = "iPhone Developer";
				COPY_PHASE_STRIP = NO;
				DEBUG_INFORMATION_FORMAT = "dwarf-with-dsym";
				ENABLE_NS_ASSERTIONS = NO;
				ENABLE_STRICT_OBJC_MSGSEND = YES;
				GCC_C_LANGUAGE_STANDARD = gnu99;
				GCC_NO_COMMON_BLOCKS = YES;
				GCC_WARN_64_TO_32_BIT_CONVERSION = YES;
				GCC_WARN_ABOUT_RETURN_TYPE = YES_ERROR;
				GCC_WARN_UNDECLARED_SELECTOR = YES;
				GCC_WARN_UNINITIALIZED_AUTOS = YES_AGGRESSIVE;
				GCC_WARN_UNUSED_FUNCTION = YES;
				GCC_WARN_UNUSED_VARIABLE = YES;
				IPHONEOS_DEPLOYMENT_TARGET = 9.0;
				MTL_ENABLE_DEBUG_INFO = NO;
				SDKROOT = iphoneos;
				VALIDATE_PRODUCT = YES;
			};
			name = Release;
		};
		7845D97C1C14231F00AB620C /* Debug */ = {
			isa = XCBuildConfiguration;
			buildSettings = {
				ASSETCATALOG_COMPILER_APPICON_NAME = AppIcon;
				INFOPLIST_FILE = BlockAssembly/Info.plist;
				LD_RUNPATH_SEARCH_PATHS = "$(inherited) @executable_path/Frameworks";
				PRODUCT_BUNDLE_IDENTIFIER = Cellebrite.BlockAssembly;
				PRODUCT_NAME = "$(TARGET_NAME)";
			};
			name = Debug;
		};
		7845D97D1C14231F00AB620C /* Release */ = {
			isa = XCBuildConfiguration;
			buildSettings = {
				ASSETCATALOG_COMPILER_APPICON_NAME = AppIcon;
				INFOPLIST_FILE = BlockAssembly/Info.plist;
				LD_RUNPATH_SEARCH_PATHS = "$(inherited) @executable_path/Frameworks";
				PRODUCT_BUNDLE_IDENTIFIER = Cellebrite.BlockAssembly;
				PRODUCT_NAME = "$(TARGET_NAME)";
			};
			name = Release;
		};
/* End XCBuildConfiguration section */

/* Begin XCConfigurationList section */
		7845D95F1C14231F00AB620C /* Build configuration list for PBXProject "BlockAssembly" */ = {
			isa = XCConfigurationList;
			buildConfigurations = (
				7845D9791C14231F00AB620C /* Debug */,
				7845D97A1C14231F00AB620C /* Release */,
			);
			defaultConfigurationIsVisible = 0;
			defaultConfigurationName = Release;
		};
		7845D97B1C14231F00AB620C /* Build configuration list for PBXNativeTarget "BlockAssembly" */ = {
			isa = XCConfigurationList;
			buildConfigurations = (
				7845D97C1C14231F00AB620C /* Debug */,
				7845D97D1C14231F00AB620C /* Release */,
			);
			defaultConfigurationIsVisible = 0;
			defaultConfigurationName = Release;
		};
/* End XCConfigurationList section */
	};
	rootObject = 7845D95C1C14231F00AB620C /* Project object */;
}
